hash: 1add39ba3d0857956e3603a42e6b8a457bed5db599bc5efcae922e858a7bd397
updated: 2018-11-02T12:58:59.507826+01:00
imports:
- name: github.com/nats-io/go-nats
  version: fb0396ee0bdb8018b0fef30d6d1de798ce99cd05
  subpackages:
  - encoders/builtin
  - util
- name: github.com/nats-io/nuid
  version: 3024a71c3cbe30667286099921591e6fcc328230
- name: github.com/olivere/elastic
  version: 425e5369a8f054f4f447f7c8ee1bf605f48425ab
testImports: []
